
Microsoft Visual Studio Solution File, Format Version 12.00
# Visual Studio 15
VisualStudioVersion = 15.0.28307.902
MinimumVisualStudioVersion = 10.0.40219.1
Project("{FAE04EC0-301F-11D3-BF4B-00C04F79EFBC}") = "AutoMapperDemo", "AutoMapperDemo\AutoMapperDemo.csproj", "{CFE42068-1749-4051-852E-4B3E471FE97F}"
EndProject
Project("{FAE04EC0-301F-11D3-BF4B-00C04F79EFBC}") = "AutoMapperDemo.Tests", "AutoMapperDemo.Tests\AutoMapperDemo.Tests.csproj", "{684DA359-DD2C-463E-9CDD-9759377BCB75}"
EndProject
Global
	GlobalSection(SolutionConfigurationPlatforms) = preSolution
		Debug|Any CPU = Debug|Any CPU
		Release|Any CPU = Release|Any CPU
	EndGlobalSection
	GlobalSection(ProjectConfigurationPlatforms) = postSolution
		{CFE42068-1749-4051-852E-4B3E471FE97F}.Debug|Any CPU.ActiveCfg = Debug|Any CPU
		{CFE42068-1749-4051-852E-4B3E471FE97F}.Debug|Any CPU.Build.0 = Debug|Any CPU
		{CFE42068-1749-4051-852E-4B3E471FE97F}.Release|Any CPU.ActiveCfg = Release|Any CPU
		{CFE42068-1749-4051-852E-4B3E471FE97F}.Release|Any CPU.Build.0 = Release|Any CPU
		{684DA359-DD2C-463E-9CDD-9759377BCB75}.Debug|Any CPU.ActiveCfg = Debug|Any CPU
		{684DA359-DD2C-463E-9CDD-9759377BCB75}.Debug|Any CPU.Build.0 = Debug|Any CPU
		{684DA359-DD2C-463E-9CDD-9759377BCB75}.Release|Any CPU.ActiveCfg = Release|Any CPU
		{684DA359-DD2C-463E-9CDD-9759377BCB75}.Release|Any CPU.Build.0 = Release|Any CPU
	EndGlobalSection
	GlobalSection(SolutionProperties) = preSolution
		HideSolutionNode = FALSE
	EndGlobalSection
	GlobalSection(ExtensibilityGlobals) = postSolution
		SolutionGuid = {09F993E8-9FE3-4277-9A7B-A71A943B91D1}
	EndGlobalSection
EndGlobal
